
Microsoft Visual Studio Solution File, Format Version 12.00
# Visual Studio 14
VisualStudioVersion = 14.0.23107.0
MinimumVisualStudioVersion = 10.0.40219.1
Project("{FAE04EC0-301F-11D3-BF4B-00C04F79EFBC}") = "UlitmateFestivalOrganizer.ConsoleTest", "UlitmateFestivalOrganizer\UlitmateFestivalOrganizer.ConsoleTest.csproj", "{6ABC3ACB-3A80-476A-8908-7994548B25FD}"
EndProject
Project("{FAE04EC0-301F-11D3-BF4B-00C04F79EFBC}") = "UltimateFestivalOrganizer.DAL.Common", "DAL.Common\UltimateFestivalOrganizer.DAL.Common.csproj", "{096B258C-B992-447E-B9AF-EA8D1CE97ABC}"
EndProject
Project("{FAE04EC0-301F-11D3-BF4B-00C04F79EFBC}") = "UltimateFestivalOrganizer.DAL.SqlServer", "UltimateFestivalOrganizer.DAL.SqlServer\UltimateFestivalOrganizer.DAL.SqlServer.csproj", "{F8EE0EF2-5971-4D58-BA68-8CBBCD83B422}"
EndProject
Global
	GlobalSection(SolutionConfigurationPlatforms) = preSolution
		Debug|Any CPU = Debug|Any CPU
		Release|Any CPU = Release|Any CPU
	EndGlobalSection
	GlobalSection(ProjectConfigurationPlatforms) = postSolution
		{6ABC3ACB-3A80-476A-8908-7994548B25FD}.Debug|Any CPU.ActiveCfg = Debug|Any CPU
		{6ABC3ACB-3A80-476A-8908-7994548B25FD}.Debug|Any CPU.Build.0 = Debug|Any CPU
		{6ABC3ACB-3A80-476A-8908-7994548B25FD}.Release|Any CPU.ActiveCfg = Release|Any CPU
		{6ABC3ACB-3A80-476A-8908-7994548B25FD}.Release|Any CPU.Build.0 = Release|Any CPU
		{096B258C-B992-447E-B9AF-EA8D1CE97ABC}.Debug|Any CPU.ActiveCfg = Debug|Any CPU
		{096B258C-B992-447E-B9AF-EA8D1CE97ABC}.Debug|Any CPU.Build.0 = Debug|Any CPU
		{096B258C-B992-447E-B9AF-EA8D1CE97ABC}.Release|Any CPU.ActiveCfg = Release|Any CPU
		{096B258C-B992-447E-B9AF-EA8D1CE97ABC}.Release|Any CPU.Build.0 = Release|Any CPU
		{F8EE0EF2-5971-4D58-BA68-8CBBCD83B422}.Debug|Any CPU.ActiveCfg = Debug|Any CPU
		{F8EE0EF2-5971-4D58-BA68-8CBBCD83B422}.Debug|Any CPU.Build.0 = Debug|Any CPU
		{F8EE0EF2-5971-4D58-BA68-8CBBCD83B422}.Release|Any CPU.ActiveCfg = Release|Any CPU
		{F8EE0EF2-5971-4D58-BA68-8CBBCD83B422}.Release|Any CPU.Build.0 = Release|Any CPU
	EndGlobalSection
	GlobalSection(SolutionProperties) = preSolution
		HideSolutionNode = FALSE
	EndGlobalSection
EndGlobal
